// !$*UTF8*$!
{
	archiveVersion = 1;
	classes = {
	};
	objectVersion = 46;
	objects = {

/* Begin PBXBuildFile section */
		D817D53B15DD3C3700E98B9B /* io.cpp in Sources */ = {isa = PBXBuildFile; fileRef = D817D53A15DD3C3700E98B9B /* io.cpp */; };
		D817D53E15DD745C00E98B9B /* packs.cpp in Sources */ = {isa = PBXBuildFile; fileRef = D817D53D15DD745C00E98B9B /* packs.cpp */; };
		D817D54115DD75A100E98B9B /* static_string.cpp in Sources */ = {isa = PBXBuildFile; fileRef = D817D54015DD75A100E98B9B /* static_string.cpp */; };
		D8CD701515DAA39500B3922F /* reftype_test.cpp in Sources */ = {isa = PBXBuildFile; fileRef = D8CD701315DAA39500B3922F /* reftype_test.cpp */; };
		D8CD701715DAA3CE00B3922F /* reftype.cpp in Sources */ = {isa = PBXBuildFile; fileRef = D8CD701615DAA3CE00B3922F /* reftype.cpp */; };
		D8CD701A15DAE11F00B3922F /* print.cpp in Sources */ = {isa = PBXBuildFile; fileRef = D8CD701915DAE11F00B3922F /* print.cpp */; };
		D8E014FE15D8068900D1CC6D /* scope.cpp in Sources */ = {isa = PBXBuildFile; fileRef = D8E014FD15D8068900D1CC6D /* scope.cpp */; };
		D8E0150015D8099300D1CC6D /* main.cpp in Sources */ = {isa = PBXBuildFile; fileRef = D8E014FF15D8099300D1CC6D /* main.cpp */; };
		D8E0150215D80BE500D1CC6D /* struct_meta.cpp in Sources */ = {isa = PBXBuildFile; fileRef = D8E0150115D80BE500D1CC6D /* struct_meta.cpp */; };
		D8E0150A15D8147400D1CC6D /* enum_meta.cpp in Sources */ = {isa = PBXBuildFile; fileRef = D8E0150915D8147400D1CC6D /* enum_meta.cpp */; };
		D8E0150D15D836BD00D1CC6D /* maybe.cpp in Sources */ = {isa = PBXBuildFile; fileRef = D8E0150C15D836BD00D1CC6D /* maybe.cpp */; };
		D8E0151315D8765C00D1CC6D /* misc.cpp in Sources */ = {isa = PBXBuildFile; fileRef = D8E0151215D8765C00D1CC6D /* misc.cpp */; };
		D8E0151615D87DA000D1CC6D /* slice.cpp in Sources */ = {isa = PBXBuildFile; fileRef = D8E0151515D87DA000D1CC6D /* slice.cpp */; };
/* End PBXBuildFile section */

/* Begin PBXCopyFilesBuildPhase section */
		D8E014E215D8010200D1CC6D /* CopyFiles */ = {
			isa = PBXCopyFilesBuildPhase;
			buildActionMask = 2147483647;
			dstPath = /usr/share/man/man1/;
			dstSubfolderSpec = 0;
			files = (
			);
			runOnlyForDeploymentPostprocessing = 1;
		};
/* End PBXCopyFilesBuildPhase section */

/* Begin PBXFileReference section */
		D80E9E4D15DFC522007AD48A /* README.md */ = {isa = PBXFileReference; lastKnownFileType = text; path = README.md; sourceTree = "<group>"; };
		D817D53815DD3C1D00E98B9B /* io.hpp */ = {isa = PBXFileReference; lastKnownFileType = sourcecode.cpp.h; path = io.hpp; sourceTree = "<group>"; };
		D817D53A15DD3C3700E98B9B /* io.cpp */ = {isa = PBXFileReference; fileEncoding = 4; lastKnownFileType = sourcecode.cpp.cpp; path = io.cpp; sourceTree = "<group>"; };
		D817D53C15DD742C00E98B9B /* packs.hpp */ = {isa = PBXFileReference; lastKnownFileType = sourcecode.cpp.h; path = packs.hpp; sourceTree = "<group>"; };
		D817D53D15DD745C00E98B9B /* packs.cpp */ = {isa = PBXFileReference; fileEncoding = 4; lastKnownFileType = sourcecode.cpp.cpp; path = packs.cpp; sourceTree = "<group>"; };
		D817D53F15DD758E00E98B9B /* static_string.hpp */ = {isa = PBXFileReference; lastKnownFileType = sourcecode.cpp.h; path = static_string.hpp; sourceTree = "<group>"; };
		D817D54015DD75A100E98B9B /* static_string.cpp */ = {isa = PBXFileReference; fileEncoding = 4; lastKnownFileType = sourcecode.cpp.cpp; path = static_string.cpp; sourceTree = "<group>"; };
		D8CD701215DAA36A00B3922F /* reftype.hpp */ = {isa = PBXFileReference; lastKnownFileType = sourcecode.cpp.h; path = reftype.hpp; sourceTree = "<group>"; };
		D8CD701315DAA39500B3922F /* reftype_test.cpp */ = {isa = PBXFileReference; fileEncoding = 4; lastKnownFileType = sourcecode.cpp.cpp; path = reftype_test.cpp; sourceTree = "<group>"; };
		D8CD701415DAA39500B3922F /* reftype_test.hpp */ = {isa = PBXFileReference; fileEncoding = 4; lastKnownFileType = sourcecode.cpp.h; path = reftype_test.hpp; sourceTree = "<group>"; };
		D8CD701615DAA3CE00B3922F /* reftype.cpp */ = {isa = PBXFileReference; fileEncoding = 4; lastKnownFileType = sourcecode.cpp.cpp; path = reftype.cpp; sourceTree = "<group>"; };
		D8CD701815DAE03000B3922F /* print.hpp */ = {isa = PBXFileReference; lastKnownFileType = sourcecode.cpp.h; path = print.hpp; sourceTree = "<group>"; };
		D8CD701915DAE11F00B3922F /* print.cpp */ = {isa = PBXFileReference; fileEncoding = 4; lastKnownFileType = sourcecode.cpp.cpp; path = print.cpp; sourceTree = "<group>"; };
		D8E014E415D8010200D1CC6D /* durians */ = {isa = PBXFileReference; explicitFileType = "compiled.mach-o.executable"; includeInIndex = 0; path = durians; sourceTree = BUILT_PRODUCTS_DIR; };
		D8E014F215D801C400D1CC6D /* struct_meta.hpp */ = {isa = PBXFileReference; lastKnownFileType = sourcecode.cpp.h; lineEnding = 0; path = struct_meta.hpp; sourceTree = "<group>"; xcLanguageSpecificationIdentifier = xcode.lang.cpp; };
		D8E014F315D802D200D1CC6D /* scope.hpp */ = {isa = PBXFileReference; lastKnownFileType = sourcecode.cpp.h; lineEnding = 0; path = scope.hpp; sourceTree = "<group>"; xcLanguageSpecificationIdentifier = xcode.lang.cpp; };
		D8E014F515D8039A00D1CC6D /* misc.hpp */ = {isa = PBXFileReference; lastKnownFileType = sourcecode.cpp.h; lineEnding = 0; path = misc.hpp; sourceTree = "<group>"; xcLanguageSpecificationIdentifier = xcode.lang.cpp; };
		D8E014FD15D8068900D1CC6D /* scope.cpp */ = {isa = PBXFileReference; fileEncoding = 4; lastKnownFileType = sourcecode.cpp.cpp; lineEnding = 0; path = scope.cpp; sourceTree = "<group>"; xcLanguageSpecificationIdentifier = xcode.lang.cpp; };
		D8E014FF15D8099300D1CC6D /* main.cpp */ = {isa = PBXFileReference; fileEncoding = 4; lastKnownFileType = sourcecode.cpp.cpp; lineEnding = 0; path = main.cpp; sourceTree = "<group>"; xcLanguageSpecificationIdentifier = xcode.lang.cpp; };
		D8E0150115D80BE500D1CC6D /* struct_meta.cpp */ = {isa = PBXFileReference; fileEncoding = 4; lastKnownFileType = sourcecode.cpp.cpp; path = struct_meta.cpp; sourceTree = "<group>"; };
		D8E0150715D80FED00D1CC6D /* enum_meta.hpp */ = {isa = PBXFileReference; lastKnownFileType = sourcecode.cpp.h; path = enum_meta.hpp; sourceTree = "<group>"; };
		D8E0150915D8147400D1CC6D /* enum_meta.cpp */ = {isa = PBXFileReference; fileEncoding = 4; lastKnownFileType = sourcecode.cpp.cpp; path = enum_meta.cpp; sourceTree = "<group>"; };
		D8E0150B15D8362A00D1CC6D /* maybe.hpp */ = {isa = PBXFileReference; lastKnownFileType = sourcecode.cpp.h; path = maybe.hpp; sourceTree = "<group>"; };
		D8E0150C15D836BD00D1CC6D /* maybe.cpp */ = {isa = PBXFileReference; fileEncoding = 4; lastKnownFileType = sourcecode.cpp.cpp; path = maybe.cpp; sourceTree = "<group>"; };
		D8E0151215D8765C00D1CC6D /* misc.cpp */ = {isa = PBXFileReference; fileEncoding = 4; lastKnownFileType = sourcecode.cpp.cpp; path = misc.cpp; sourceTree = "<group>"; };
		D8E0151415D87AEE00D1CC6D /* slice.hpp */ = {isa = PBXFileReference; fileEncoding = 4; lastKnownFileType = sourcecode.cpp.h; path = slice.hpp; sourceTree = "<group>"; };
		D8E0151515D87DA000D1CC6D /* slice.cpp */ = {isa = PBXFileReference; fileEncoding = 4; lastKnownFileType = sourcecode.cpp.cpp; path = slice.cpp; sourceTree = "<group>"; };
/* End PBXFileReference section */

/* Begin PBXFrameworksBuildPhase section */
		D8E014E115D8010200D1CC6D /* Frameworks */ = {
			isa = PBXFrameworksBuildPhase;
			buildActionMask = 2147483647;
			files = (
			);
			runOnlyForDeploymentPostprocessing = 0;
		};
/* End PBXFrameworksBuildPhase section */

/* Begin PBXGroup section */
		D8E014D915D8010200D1CC6D = {
			isa = PBXGroup;
			children = (
				D80E9E4D15DFC522007AD48A /* README.md */,
				D8E014FC15D805DC00D1CC6D /* Tests */,
				D8E014F115D8013600D1CC6D /* Headers */,
				D8E014E515D8010200D1CC6D /* Products */,
			);
			sourceTree = "<group>";
		};
		D8E014E515D8010200D1CC6D /* Products */ = {
			isa = PBXGroup;
			children = (
				D8E014E415D8010200D1CC6D /* durians */,
			);
			name = Products;
			sourceTree = "<group>";
		};
		D8E014F115D8013600D1CC6D /* Headers */ = {
			isa = PBXGroup;
			children = (
				D8E0150715D80FED00D1CC6D /* enum_meta.hpp */,
				D817D53815DD3C1D00E98B9B /* io.hpp */,
				D8E0150B15D8362A00D1CC6D /* maybe.hpp */,
				D8E014F515D8039A00D1CC6D /* misc.hpp */,
				D817D53C15DD742C00E98B9B /* packs.hpp */,
				D8CD701815DAE03000B3922F /* print.hpp */,
				D8CD701215DAA36A00B3922F /* reftype.hpp */,
				D8E014F315D802D200D1CC6D /* scope.hpp */,
				D8E0151415D87AEE00D1CC6D /* slice.hpp */,
				D817D53F15DD758E00E98B9B /* static_string.hpp */,
				D8E014F215D801C400D1CC6D /* struct_meta.hpp */,
			);
			name = Headers;
			path = include/durians;
			sourceTree = "<group>";
		};
		D8E014FC15D805DC00D1CC6D /* Tests */ = {
			isa = PBXGroup;
			children = (
				D8E0150115D80BE500D1CC6D /* struct_meta.cpp */,
				D8E014FD15D8068900D1CC6D /* scope.cpp */,
				D8E014FF15D8099300D1CC6D /* main.cpp */,
				D8E0151215D8765C00D1CC6D /* misc.cpp */,
				D8E0150915D8147400D1CC6D /* enum_meta.cpp */,
				D8E0150C15D836BD00D1CC6D /* maybe.cpp */,
				D8CD701915DAE11F00B3922F /* print.cpp */,
				D8E0151515D87DA000D1CC6D /* slice.cpp */,
				D8CD701315DAA39500B3922F /* reftype_test.cpp */,
				D8CD701415DAA39500B3922F /* reftype_test.hpp */,
				D8CD701615DAA3CE00B3922F /* reftype.cpp */,
				D817D53A15DD3C3700E98B9B /* io.cpp */,
				D817D53D15DD745C00E98B9B /* packs.cpp */,
				D817D54015DD75A100E98B9B /* static_string.cpp */,
			);
			name = Tests;
			path = test;
			sourceTree = "<group>";
		};
/* End PBXGroup section */

/* Begin PBXNativeTarget section */
		D8E014E315D8010200D1CC6D /* durians */ = {
			isa = PBXNativeTarget;
			buildConfigurationList = D8E014EE15D8010300D1CC6D /* Build configuration list for PBXNativeTarget "durians" */;
			buildPhases = (
				D8E014E015D8010200D1CC6D /* Sources */,
				D8E014E115D8010200D1CC6D /* Frameworks */,
				D8E014E215D8010200D1CC6D /* CopyFiles */,
			);
			buildRules = (
			);
			dependencies = (
			);
			name = durians;
			productName = durians;
			productReference = D8E014E415D8010200D1CC6D /* durians */;
			productType = "com.apple.product-type.tool";
		};
/* End PBXNativeTarget section */

/* Begin PBXProject section */
		D8E014DB15D8010200D1CC6D /* Project object */ = {
			isa = PBXProject;
			attributes = {
				LastUpgradeCheck = 0440;
				ORGANIZATIONNAME = "Durian Software";
			};
			buildConfigurationList = D8E014DE15D8010200D1CC6D /* Build configuration list for PBXProject "durians" */;
			compatibilityVersion = "Xcode 3.2";
			developmentRegion = English;
			hasScannedForEncodings = 0;
			knownRegions = (
				en,
			);
			mainGroup = D8E014D915D8010200D1CC6D;
			productRefGroup = D8E014E515D8010200D1CC6D /* Products */;
			projectDirPath = "";
			projectRoot = "";
			targets = (
				D8E014E315D8010200D1CC6D /* durians */,
			);
		};
/* End PBXProject section */

/* Begin PBXSourcesBuildPhase section */
		D8E014E015D8010200D1CC6D /* Sources */ = {
			isa = PBXSourcesBuildPhase;
			buildActionMask = 2147483647;
			files = (
				D8E014FE15D8068900D1CC6D /* scope.cpp in Sources */,
				D8E0150015D8099300D1CC6D /* main.cpp in Sources */,
				D8E0150215D80BE500D1CC6D /* struct_meta.cpp in Sources */,
				D8E0150A15D8147400D1CC6D /* enum_meta.cpp in Sources */,
				D8E0150D15D836BD00D1CC6D /* maybe.cpp in Sources */,
				D8E0151315D8765C00D1CC6D /* misc.cpp in Sources */,
				D8E0151615D87DA000D1CC6D /* slice.cpp in Sources */,
				D8CD701515DAA39500B3922F /* reftype_test.cpp in Sources */,
				D8CD701715DAA3CE00B3922F /* reftype.cpp in Sources */,
				D8CD701A15DAE11F00B3922F /* print.cpp in Sources */,
				D817D53B15DD3C3700E98B9B /* io.cpp in Sources */,
				D817D53E15DD745C00E98B9B /* packs.cpp in Sources */,
				D817D54115DD75A100E98B9B /* static_string.cpp in Sources */,
			);
			runOnlyForDeploymentPostprocessing = 0;
		};
/* End PBXSourcesBuildPhase section */

/* Begin XCBuildConfiguration section */
		D8E014EC15D8010300D1CC6D /* Debug */ = {
			isa = XCBuildConfiguration;
			buildSettings = {
				ALWAYS_SEARCH_USER_PATHS = NO;
				ARCHS = "$(ARCHS_STANDARD_64_BIT)";
				CLANG_CXX_LANGUAGE_STANDARD = "c++0x";
				CLANG_CXX_LIBRARY = "libc++";
				CLANG_ENABLE_OBJC_ARC = YES;
				CLANG_WARN__DUPLICATE_METHOD_MATCH = YES;
				COPY_PHASE_STRIP = NO;
				GCC_C_LANGUAGE_STANDARD = gnu99;
				GCC_DYNAMIC_NO_PIC = NO;
				GCC_ENABLE_OBJC_EXCEPTIONS = YES;
				GCC_OPTIMIZATION_LEVEL = 0;
				GCC_PREPROCESSOR_DEFINITIONS = (
					"DEBUG=1",
					"$(inherited)",
				);
				GCC_SYMBOLS_PRIVATE_EXTERN = NO;
				GCC_WARN_64_TO_32_BIT_CONVERSION = YES;
				GCC_WARN_ABOUT_RETURN_TYPE = YES;
				GCC_WARN_UNINITIALIZED_AUTOS = YES;
				GCC_WARN_UNUSED_VARIABLE = YES;
				HEADER_SEARCH_PATHS = include;
				MACOSX_DEPLOYMENT_TARGET = 10.8;
				ONLY_ACTIVE_ARCH = YES;
				SDKROOT = macosx;
			};
			name = Debug;
		};
		D8E014ED15D8010300D1CC6D /* Release */ = {
			isa = XCBuildConfiguration;
			buildSettings = {
				ALWAYS_SEARCH_USER_PATHS = NO;
				ARCHS = "$(ARCHS_STANDARD_64_BIT)";
				CLANG_CXX_LANGUAGE_STANDARD = "c++0x";
				CLANG_CXX_LIBRARY = "libc++";
				CLANG_ENABLE_OBJC_ARC = YES;
				CLANG_WARN__DUPLICATE_METHOD_MATCH = YES;
				COPY_PHASE_STRIP = YES;
				DEBUG_INFORMATION_FORMAT = "dwarf-with-dsym";
				GCC_C_LANGUAGE_STANDARD = gnu99;
				GCC_ENABLE_OBJC_EXCEPTIONS = YES;
				GCC_WARN_64_TO_32_BIT_CONVERSION = YES;
				GCC_WARN_ABOUT_RETURN_TYPE = YES;
				GCC_WARN_UNINITIALIZED_AUTOS = YES;
				GCC_WARN_UNUSED_VARIABLE = YES;
				HEADER_SEARCH_PATHS = include;
				MACOSX_DEPLOYMENT_TARGET = 10.8;
				SDKROOT = macosx;
			};
			name = Release;
		};
		D8E014EF15D8010300D1CC6D /* Debug */ = {
			isa = XCBuildConfiguration;
			buildSettings = {
				PRODUCT_NAME = "$(TARGET_NAME)";
			};
			name = Debug;
		};
		D8E014F015D8010300D1CC6D /* Release */ = {
			isa = XCBuildConfiguration;
			buildSettings = {
				PRODUCT_NAME = "$(TARGET_NAME)";
			};
			name = Release;
		};
/* End XCBuildConfiguration section */

/* Begin XCConfigurationList section */
		D8E014DE15D8010200D1CC6D /* Build configuration list for PBXProject "durians" */ = {
			isa = XCConfigurationList;
			buildConfigurations = (
				D8E014EC15D8010300D1CC6D /* Debug */,
				D8E014ED15D8010300D1CC6D /* Release */,
			);
			defaultConfigurationIsVisible = 0;
			defaultConfigurationName = Release;
		};
		D8E014EE15D8010300D1CC6D /* Build configuration list for PBXNativeTarget "durians" */ = {
			isa = XCConfigurationList;
			buildConfigurations = (
				D8E014EF15D8010300D1CC6D /* Debug */,
				D8E014F015D8010300D1CC6D /* Release */,
			);
			defaultConfigurationIsVisible = 0;
			defaultConfigurationName = Release;
		};
/* End XCConfigurationList section */
	};
	rootObject = D8E014DB15D8010200D1CC6D /* Project object */;
}
